
Microsoft Visual Studio Solution File, Format Version 12.00
# Visual Studio Version 16
VisualStudioVersion = 16.0.31829.152
MinimumVisualStudioVersion = 10.0.40219.1
Project("{9A19103F-16F7-4668-BE54-9A1E7A4F7556}") = "SWEProjectLib", "SWE-Project-Lib\SWEProjectLib.csproj", "{DD12B01D-2DB6-4CC4-A7C5-CEFCF354F01A}"
EndProject
Project("{FAE04EC0-301F-11D3-BF4B-00C04F79EFBC}") = "SWEProjectApp", "SWE-Project-App\SWEProjectApp.csproj", "{35817721-2C77-4044-9CD3-F727B85846C1}"
EndProject
Project("{FAE04EC0-301F-11D3-BF4B-00C04F79EFBC}") = "SWEProjectConsole", "SWE-Project-Console\SWEProjectConsole.csproj", "{98DFA150-A112-4628-B44D-DF45FDCF5A69}"
EndProject
Project("{FAE04EC0-301F-11D3-BF4B-00C04F79EFBC}") = "SWEProjectLibDB", "SWE-Project-LibDB\SWEProjectLibDB.csproj", "{032BA3CD-2AB1-45E5-8DF1-7E50BF8A7E6F}"
EndProject
Global
	GlobalSection(SolutionConfigurationPlatforms) = preSolution
		Debug|Any CPU = Debug|Any CPU
		Release|Any CPU = Release|Any CPU
	EndGlobalSection
	GlobalSection(ProjectConfigurationPlatforms) = postSolution
		{DD12B01D-2DB6-4CC4-A7C5-CEFCF354F01A}.Debug|Any CPU.ActiveCfg = Debug|Any CPU
		{DD12B01D-2DB6-4CC4-A7C5-CEFCF354F01A}.Debug|Any CPU.Build.0 = Debug|Any CPU
		{DD12B01D-2DB6-4CC4-A7C5-CEFCF354F01A}.Release|Any CPU.ActiveCfg = Release|Any CPU
		{DD12B01D-2DB6-4CC4-A7C5-CEFCF354F01A}.Release|Any CPU.Build.0 = Release|Any CPU
		{35817721-2C77-4044-9CD3-F727B85846C1}.Debug|Any CPU.ActiveCfg = Debug|Any CPU
		{35817721-2C77-4044-9CD3-F727B85846C1}.Debug|Any CPU.Build.0 = Debug|Any CPU
		{35817721-2C77-4044-9CD3-F727B85846C1}.Release|Any CPU.ActiveCfg = Release|Any CPU
		{35817721-2C77-4044-9CD3-F727B85846C1}.Release|Any CPU.Build.0 = Release|Any CPU
		{98DFA150-A112-4628-B44D-DF45FDCF5A69}.Debug|Any CPU.ActiveCfg = Debug|Any CPU
		{98DFA150-A112-4628-B44D-DF45FDCF5A69}.Debug|Any CPU.Build.0 = Debug|Any CPU
		{98DFA150-A112-4628-B44D-DF45FDCF5A69}.Release|Any CPU.ActiveCfg = Release|Any CPU
		{98DFA150-A112-4628-B44D-DF45FDCF5A69}.Release|Any CPU.Build.0 = Release|Any CPU
		{032BA3CD-2AB1-45E5-8DF1-7E50BF8A7E6F}.Debug|Any CPU.ActiveCfg = Debug|Any CPU
		{032BA3CD-2AB1-45E5-8DF1-7E50BF8A7E6F}.Debug|Any CPU.Build.0 = Debug|Any CPU
		{032BA3CD-2AB1-45E5-8DF1-7E50BF8A7E6F}.Release|Any CPU.ActiveCfg = Release|Any CPU
		{032BA3CD-2AB1-45E5-8DF1-7E50BF8A7E6F}.Release|Any CPU.Build.0 = Release|Any CPU
	EndGlobalSection
	GlobalSection(SolutionProperties) = preSolution
		HideSolutionNode = FALSE
	EndGlobalSection
	GlobalSection(ExtensibilityGlobals) = postSolution
		SolutionGuid = {8A73A1E6-29CF-46CC-8F4A-E8B26E782863}
	EndGlobalSection
EndGlobal
